
Microsoft Visual Studio Solution File, Format Version 12.00
# Visual Studio Version 17
VisualStudioVersion = 17.0.31903.59
MinimumVisualStudioVersion = 10.0.40219.1
Project("{2150E333-8FDC-42A3-9474-1A3956D46DE8}") = "src", "src", "{80D177A7-1BB5-4496-86C0-6DE4709FDFA4}"
EndProject
Project("{FAE04EC0-301F-11D3-BF4B-00C04F79EFBC}") = "Chirp.Web", "src\Chirp.Web\Chirp.Web.csproj", "{D806E945-FAA9-4B38-B579-BAA709E547C4}"
EndProject
Project("{2150E333-8FDC-42A3-9474-1A3956D46DE8}") = "test", "test", "{6DBCB533-C5FA-4096-9937-5DC1E1C3C09C}"
EndProject
Project("{2150E333-8FDC-42A3-9474-1A3956D46DE8}") = "IntegrationTest", "IntegrationTest", "{AAD17B7A-E2E9-4047-9FE0-FFDB9BE3A577}"
EndProject
Project("{2150E333-8FDC-42A3-9474-1A3956D46DE8}") = "UnitTest", "UnitTest", "{C7E1EF47-F464-48AC-BC90-347AEE3D7E18}"
EndProject
Project("{FAE04EC0-301F-11D3-BF4B-00C04F79EFBC}") = "Chirp.Core", "src\Chirp.Core\Chirp.Core.csproj", "{14F86A16-864A-4B62-96FB-CE9316E00D15}"
EndProject
Project("{FAE04EC0-301F-11D3-BF4B-00C04F79EFBC}") = "Chirp.Infrastructure", "src\Chirp.Infrastructure\Chirp.Infrastructure.csproj", "{A9C741FF-196A-4684-B195-C49012355BAE}"
EndProject
Project("{FAE04EC0-301F-11D3-BF4B-00C04F79EFBC}") = "Chirp.Web.Tests", "test\UnitTest\Chirp.Web.Tests\Chirp.Web.Tests.csproj", "{FF1DC4F4-980B-4611-A56D-A48C6779E593}"
EndProject
Project("{FAE04EC0-301F-11D3-BF4B-00C04F79EFBC}") = "Chirp.Infrastructure.Tests", "test\UnitTest\Chirp.Infrastructure.Tests\Chirp.Infrastructure.Tests.csproj", "{4214ABC4-762C-4306-A6C5-03F2B9C2F9E1}"
EndProject
Project("{FAE04EC0-301F-11D3-BF4B-00C04F79EFBC}") = "Chirp.Core.Tests", "test\UnitTest\Chirp.Core.Tests\Chirp.Core.Tests.csproj", "{60582193-376F-4E03-A31C-BA51082F9A7B}"
EndProject
Project("{FAE04EC0-301F-11D3-BF4B-00C04F79EFBC}") = "Chirp.Web.IntegrationTests", "test\IntegrationTest\Chirp.Web.IntegrationTests\Chirp.Web.IntegrationTests.csproj", "{472D7E17-30FF-4A74-A4A7-4BB2593D81D6}"
EndProject
Global
	GlobalSection(SolutionConfigurationPlatforms) = preSolution
		Debug|Any CPU = Debug|Any CPU
		Release|Any CPU = Release|Any CPU
	EndGlobalSection
	GlobalSection(SolutionProperties) = preSolution
		HideSolutionNode = FALSE
	EndGlobalSection
	GlobalSection(ProjectConfigurationPlatforms) = postSolution
		{D806E945-FAA9-4B38-B579-BAA709E547C4}.Debug|Any CPU.ActiveCfg = Debug|Any CPU
		{D806E945-FAA9-4B38-B579-BAA709E547C4}.Debug|Any CPU.Build.0 = Debug|Any CPU
		{D806E945-FAA9-4B38-B579-BAA709E547C4}.Release|Any CPU.ActiveCfg = Release|Any CPU
		{D806E945-FAA9-4B38-B579-BAA709E547C4}.Release|Any CPU.Build.0 = Release|Any CPU
		{14F86A16-864A-4B62-96FB-CE9316E00D15}.Debug|Any CPU.ActiveCfg = Debug|Any CPU
		{14F86A16-864A-4B62-96FB-CE9316E00D15}.Debug|Any CPU.Build.0 = Debug|Any CPU
		{14F86A16-864A-4B62-96FB-CE9316E00D15}.Release|Any CPU.ActiveCfg = Release|Any CPU
		{14F86A16-864A-4B62-96FB-CE9316E00D15}.Release|Any CPU.Build.0 = Release|Any CPU
		{A9C741FF-196A-4684-B195-C49012355BAE}.Debug|Any CPU.ActiveCfg = Debug|Any CPU
		{A9C741FF-196A-4684-B195-C49012355BAE}.Debug|Any CPU.Build.0 = Debug|Any CPU
		{A9C741FF-196A-4684-B195-C49012355BAE}.Release|Any CPU.ActiveCfg = Release|Any CPU
		{A9C741FF-196A-4684-B195-C49012355BAE}.Release|Any CPU.Build.0 = Release|Any CPU
		{FF1DC4F4-980B-4611-A56D-A48C6779E593}.Debug|Any CPU.ActiveCfg = Debug|Any CPU
		{FF1DC4F4-980B-4611-A56D-A48C6779E593}.Debug|Any CPU.Build.0 = Debug|Any CPU
		{FF1DC4F4-980B-4611-A56D-A48C6779E593}.Release|Any CPU.ActiveCfg = Release|Any CPU
		{FF1DC4F4-980B-4611-A56D-A48C6779E593}.Release|Any CPU.Build.0 = Release|Any CPU
		{4214ABC4-762C-4306-A6C5-03F2B9C2F9E1}.Debug|Any CPU.ActiveCfg = Debug|Any CPU
		{4214ABC4-762C-4306-A6C5-03F2B9C2F9E1}.Debug|Any CPU.Build.0 = Debug|Any CPU
		{4214ABC4-762C-4306-A6C5-03F2B9C2F9E1}.Release|Any CPU.ActiveCfg = Release|Any CPU
		{4214ABC4-762C-4306-A6C5-03F2B9C2F9E1}.Release|Any CPU.Build.0 = Release|Any CPU
		{60582193-376F-4E03-A31C-BA51082F9A7B}.Debug|Any CPU.ActiveCfg = Debug|Any CPU
		{60582193-376F-4E03-A31C-BA51082F9A7B}.Debug|Any CPU.Build.0 = Debug|Any CPU
		{60582193-376F-4E03-A31C-BA51082F9A7B}.Release|Any CPU.ActiveCfg = Release|Any CPU
		{60582193-376F-4E03-A31C-BA51082F9A7B}.Release|Any CPU.Build.0 = Release|Any CPU
		{472D7E17-30FF-4A74-A4A7-4BB2593D81D6}.Debug|Any CPU.ActiveCfg = Debug|Any CPU
		{472D7E17-30FF-4A74-A4A7-4BB2593D81D6}.Debug|Any CPU.Build.0 = Debug|Any CPU
		{472D7E17-30FF-4A74-A4A7-4BB2593D81D6}.Release|Any CPU.ActiveCfg = Release|Any CPU
		{472D7E17-30FF-4A74-A4A7-4BB2593D81D6}.Release|Any CPU.Build.0 = Release|Any CPU
	EndGlobalSection
	GlobalSection(NestedProjects) = preSolution
		{D806E945-FAA9-4B38-B579-BAA709E547C4} = {80D177A7-1BB5-4496-86C0-6DE4709FDFA4}
		{AAD17B7A-E2E9-4047-9FE0-FFDB9BE3A577} = {6DBCB533-C5FA-4096-9937-5DC1E1C3C09C}
		{C7E1EF47-F464-48AC-BC90-347AEE3D7E18} = {6DBCB533-C5FA-4096-9937-5DC1E1C3C09C}
		{14F86A16-864A-4B62-96FB-CE9316E00D15} = {80D177A7-1BB5-4496-86C0-6DE4709FDFA4}
		{A9C741FF-196A-4684-B195-C49012355BAE} = {80D177A7-1BB5-4496-86C0-6DE4709FDFA4}
		{FF1DC4F4-980B-4611-A56D-A48C6779E593} = {C7E1EF47-F464-48AC-BC90-347AEE3D7E18}
		{4214ABC4-762C-4306-A6C5-03F2B9C2F9E1} = {C7E1EF47-F464-48AC-BC90-347AEE3D7E18}
		{60582193-376F-4E03-A31C-BA51082F9A7B} = {C7E1EF47-F464-48AC-BC90-347AEE3D7E18}
		{472D7E17-30FF-4A74-A4A7-4BB2593D81D6} = {AAD17B7A-E2E9-4047-9FE0-FFDB9BE3A577}
	EndGlobalSection
EndGlobal
