
Microsoft Visual Studio Solution File, Format Version 12.00
# Visual Studio Version 17
VisualStudioVersion = 17.0.31903.59
MinimumVisualStudioVersion = 10.0.40219.1
Project("{2150E333-8FDC-42A3-9474-1A3956D46DE8}") = "src", "src", "{471633D2-8368-40ED-BB53-D4D8FDD821DB}"
EndProject
Project("{FAE04EC0-301F-11D3-BF4B-00C04F79EFBC}") = "Chirp.Razor", "src\Chirp.Razor\Chirp.Razor.csproj", "{49E46A63-1ACE-48ED-9ECA-EED3F412FE88}"
EndProject
Global
	GlobalSection(SolutionConfigurationPlatforms) = preSolution
		Debug|Any CPU = Debug|Any CPU
		Release|Any CPU = Release|Any CPU
	EndGlobalSection
	GlobalSection(SolutionProperties) = preSolution
		HideSolutionNode = FALSE
	EndGlobalSection
	GlobalSection(ProjectConfigurationPlatforms) = postSolution
		{49E46A63-1ACE-48ED-9ECA-EED3F412FE88}.Debug|Any CPU.ActiveCfg = Debug|Any CPU
		{49E46A63-1ACE-48ED-9ECA-EED3F412FE88}.Debug|Any CPU.Build.0 = Debug|Any CPU
		{49E46A63-1ACE-48ED-9ECA-EED3F412FE88}.Release|Any CPU.ActiveCfg = Release|Any CPU
		{49E46A63-1ACE-48ED-9ECA-EED3F412FE88}.Release|Any CPU.Build.0 = Release|Any CPU
	EndGlobalSection
	GlobalSection(NestedProjects) = preSolution
		{49E46A63-1ACE-48ED-9ECA-EED3F412FE88} = {471633D2-8368-40ED-BB53-D4D8FDD821DB}
	EndGlobalSection
EndGlobal
