
Microsoft Visual Studio Solution File, Format Version 12.00
# Visual Studio Version 17
VisualStudioVersion = 17.0.31903.59
MinimumVisualStudioVersion = 10.0.40219.1
Project("{2150E333-8FDC-42A3-9474-1A3956D46DE8}") = "src", "src", "{471633D2-8368-40ED-BB53-D4D8FDD821DB}"
EndProject
Project("{FAE04EC0-301F-11D3-BF4B-00C04F79EFBC}") = "Chirp.Razor", "src\Chirp.Razor\Chirp.Razor.csproj", "{49E46A63-1ACE-48ED-9ECA-EED3F412FE88}"
EndProject
Project("{FAE04EC0-301F-11D3-BF4B-00C04F79EFBC}") = "CheepServiceTest", "test\IntegrationTest\CheepServiceTest\CheepServiceTest.csproj", "{9116E308-5BAE-49C3-8C2E-ED55CA3578A2}"
EndProject
Project("{FAE04EC0-301F-11D3-BF4B-00C04F79EFBC}") = "HTTPTest", "test\IntegrationTest\HTTPTest\HTTPTest.csproj", "{5D6BCB79-B98E-4B56-829B-32EC377D716E}"
EndProject
Project("{2150E333-8FDC-42A3-9474-1A3956D46DE8}") = "test", "test", "{0C88DD14-F956-CE84-757C-A364CCF449FC}"
EndProject
Project("{2150E333-8FDC-42A3-9474-1A3956D46DE8}") = "UnitTest", "UnitTest", "{0F6ED6C5-93F1-722C-6DA7-9369A4E5B065}"
EndProject
Project("{FAE04EC0-301F-11D3-BF4B-00C04F79EFBC}") = "StubDBFacadeTest", "test\UnitTest\StubDBFacadeTest\StubDBFacadeTest.csproj", "{AB4B5CE6-4216-4C74-8FF0-5072D6F7194F}"
EndProject
Project("{FAE04EC0-301F-11D3-BF4B-00C04F79EFBC}") = "SortingTest", "test\UnitTest\SortingTest\SortingTest.csproj", "{50BE0790-FE47-42C3-99F1-33BB73CF7EFF}"
EndProject
Project("{FAE04EC0-301F-11D3-BF4B-00C04F79EFBC}") = "PagingTest", "test\UnitTest\PagingTest\PagingTest.csproj", "{46CE711A-F267-49F1-96CD-132DB0AE17FB}"
EndProject
Project("{FAE04EC0-301F-11D3-BF4B-00C04F79EFBC}") = "CheepServiceEdgeCaseTest", "test\UnitTest\CheepServiceEdgeCaseTest\CheepServiceEdgeCaseTest.csproj", "{192D71A5-4C77-4434-BD4C-1B2AF2CC96B2}"
EndProject
Global
	GlobalSection(SolutionConfigurationPlatforms) = preSolution
		Debug|Any CPU = Debug|Any CPU
		Debug|x64 = Debug|x64
		Debug|x86 = Debug|x86
		Release|Any CPU = Release|Any CPU
		Release|x64 = Release|x64
		Release|x86 = Release|x86
	EndGlobalSection
	GlobalSection(ProjectConfigurationPlatforms) = postSolution
		{49E46A63-1ACE-48ED-9ECA-EED3F412FE88}.Debug|Any CPU.ActiveCfg = Debug|Any CPU
		{49E46A63-1ACE-48ED-9ECA-EED3F412FE88}.Debug|Any CPU.Build.0 = Debug|Any CPU
		{49E46A63-1ACE-48ED-9ECA-EED3F412FE88}.Debug|x64.ActiveCfg = Debug|Any CPU
		{49E46A63-1ACE-48ED-9ECA-EED3F412FE88}.Debug|x64.Build.0 = Debug|Any CPU
		{49E46A63-1ACE-48ED-9ECA-EED3F412FE88}.Debug|x86.ActiveCfg = Debug|Any CPU
		{49E46A63-1ACE-48ED-9ECA-EED3F412FE88}.Debug|x86.Build.0 = Debug|Any CPU
		{49E46A63-1ACE-48ED-9ECA-EED3F412FE88}.Release|Any CPU.ActiveCfg = Release|Any CPU
		{49E46A63-1ACE-48ED-9ECA-EED3F412FE88}.Release|Any CPU.Build.0 = Release|Any CPU
		{49E46A63-1ACE-48ED-9ECA-EED3F412FE88}.Release|x64.ActiveCfg = Release|Any CPU
		{49E46A63-1ACE-48ED-9ECA-EED3F412FE88}.Release|x64.Build.0 = Release|Any CPU
		{49E46A63-1ACE-48ED-9ECA-EED3F412FE88}.Release|x86.ActiveCfg = Release|Any CPU
		{49E46A63-1ACE-48ED-9ECA-EED3F412FE88}.Release|x86.Build.0 = Release|Any CPU
		{9116E308-5BAE-49C3-8C2E-ED55CA3578A2}.Debug|Any CPU.ActiveCfg = Debug|Any CPU
		{9116E308-5BAE-49C3-8C2E-ED55CA3578A2}.Debug|Any CPU.Build.0 = Debug|Any CPU
		{9116E308-5BAE-49C3-8C2E-ED55CA3578A2}.Debug|x64.ActiveCfg = Debug|Any CPU
		{9116E308-5BAE-49C3-8C2E-ED55CA3578A2}.Debug|x64.Build.0 = Debug|Any CPU
		{9116E308-5BAE-49C3-8C2E-ED55CA3578A2}.Debug|x86.ActiveCfg = Debug|Any CPU
		{9116E308-5BAE-49C3-8C2E-ED55CA3578A2}.Debug|x86.Build.0 = Debug|Any CPU
		{9116E308-5BAE-49C3-8C2E-ED55CA3578A2}.Release|Any CPU.ActiveCfg = Release|Any CPU
		{9116E308-5BAE-49C3-8C2E-ED55CA3578A2}.Release|Any CPU.Build.0 = Release|Any CPU
		{9116E308-5BAE-49C3-8C2E-ED55CA3578A2}.Release|x64.ActiveCfg = Release|Any CPU
		{9116E308-5BAE-49C3-8C2E-ED55CA3578A2}.Release|x64.Build.0 = Release|Any CPU
		{9116E308-5BAE-49C3-8C2E-ED55CA3578A2}.Release|x86.ActiveCfg = Release|Any CPU
		{9116E308-5BAE-49C3-8C2E-ED55CA3578A2}.Release|x86.Build.0 = Release|Any CPU
		{5D6BCB79-B98E-4B56-829B-32EC377D716E}.Debug|Any CPU.ActiveCfg = Debug|Any CPU
		{5D6BCB79-B98E-4B56-829B-32EC377D716E}.Debug|Any CPU.Build.0 = Debug|Any CPU
		{5D6BCB79-B98E-4B56-829B-32EC377D716E}.Debug|x64.ActiveCfg = Debug|Any CPU
		{5D6BCB79-B98E-4B56-829B-32EC377D716E}.Debug|x64.Build.0 = Debug|Any CPU
		{5D6BCB79-B98E-4B56-829B-32EC377D716E}.Debug|x86.ActiveCfg = Debug|Any CPU
		{5D6BCB79-B98E-4B56-829B-32EC377D716E}.Debug|x86.Build.0 = Debug|Any CPU
		{5D6BCB79-B98E-4B56-829B-32EC377D716E}.Release|Any CPU.ActiveCfg = Release|Any CPU
		{5D6BCB79-B98E-4B56-829B-32EC377D716E}.Release|Any CPU.Build.0 = Release|Any CPU
		{5D6BCB79-B98E-4B56-829B-32EC377D716E}.Release|x64.ActiveCfg = Release|Any CPU
		{5D6BCB79-B98E-4B56-829B-32EC377D716E}.Release|x64.Build.0 = Release|Any CPU
		{5D6BCB79-B98E-4B56-829B-32EC377D716E}.Release|x86.ActiveCfg = Release|Any CPU
		{5D6BCB79-B98E-4B56-829B-32EC377D716E}.Release|x86.Build.0 = Release|Any CPU
		{AB4B5CE6-4216-4C74-8FF0-5072D6F7194F}.Debug|Any CPU.ActiveCfg = Debug|Any CPU
		{AB4B5CE6-4216-4C74-8FF0-5072D6F7194F}.Debug|Any CPU.Build.0 = Debug|Any CPU
		{AB4B5CE6-4216-4C74-8FF0-5072D6F7194F}.Debug|x64.ActiveCfg = Debug|Any CPU
		{AB4B5CE6-4216-4C74-8FF0-5072D6F7194F}.Debug|x64.Build.0 = Debug|Any CPU
		{AB4B5CE6-4216-4C74-8FF0-5072D6F7194F}.Debug|x86.ActiveCfg = Debug|Any CPU
		{AB4B5CE6-4216-4C74-8FF0-5072D6F7194F}.Debug|x86.Build.0 = Debug|Any CPU
		{AB4B5CE6-4216-4C74-8FF0-5072D6F7194F}.Release|Any CPU.ActiveCfg = Release|Any CPU
		{AB4B5CE6-4216-4C74-8FF0-5072D6F7194F}.Release|Any CPU.Build.0 = Release|Any CPU
		{AB4B5CE6-4216-4C74-8FF0-5072D6F7194F}.Release|x64.ActiveCfg = Release|Any CPU
		{AB4B5CE6-4216-4C74-8FF0-5072D6F7194F}.Release|x64.Build.0 = Release|Any CPU
		{AB4B5CE6-4216-4C74-8FF0-5072D6F7194F}.Release|x86.ActiveCfg = Release|Any CPU
		{AB4B5CE6-4216-4C74-8FF0-5072D6F7194F}.Release|x86.Build.0 = Release|Any CPU
		{50BE0790-FE47-42C3-99F1-33BB73CF7EFF}.Debug|Any CPU.ActiveCfg = Debug|Any CPU
		{50BE0790-FE47-42C3-99F1-33BB73CF7EFF}.Debug|Any CPU.Build.0 = Debug|Any CPU
		{50BE0790-FE47-42C3-99F1-33BB73CF7EFF}.Debug|x64.ActiveCfg = Debug|Any CPU
		{50BE0790-FE47-42C3-99F1-33BB73CF7EFF}.Debug|x64.Build.0 = Debug|Any CPU
		{50BE0790-FE47-42C3-99F1-33BB73CF7EFF}.Debug|x86.ActiveCfg = Debug|Any CPU
		{50BE0790-FE47-42C3-99F1-33BB73CF7EFF}.Debug|x86.Build.0 = Debug|Any CPU
		{50BE0790-FE47-42C3-99F1-33BB73CF7EFF}.Release|Any CPU.ActiveCfg = Release|Any CPU
		{50BE0790-FE47-42C3-99F1-33BB73CF7EFF}.Release|Any CPU.Build.0 = Release|Any CPU
		{50BE0790-FE47-42C3-99F1-33BB73CF7EFF}.Release|x64.ActiveCfg = Release|Any CPU
		{50BE0790-FE47-42C3-99F1-33BB73CF7EFF}.Release|x64.Build.0 = Release|Any CPU
		{50BE0790-FE47-42C3-99F1-33BB73CF7EFF}.Release|x86.ActiveCfg = Release|Any CPU
		{50BE0790-FE47-42C3-99F1-33BB73CF7EFF}.Release|x86.Build.0 = Release|Any CPU
		{46CE711A-F267-49F1-96CD-132DB0AE17FB}.Debug|Any CPU.ActiveCfg = Debug|Any CPU
		{46CE711A-F267-49F1-96CD-132DB0AE17FB}.Debug|Any CPU.Build.0 = Debug|Any CPU
		{46CE711A-F267-49F1-96CD-132DB0AE17FB}.Debug|x64.ActiveCfg = Debug|Any CPU
		{46CE711A-F267-49F1-96CD-132DB0AE17FB}.Debug|x64.Build.0 = Debug|Any CPU
		{46CE711A-F267-49F1-96CD-132DB0AE17FB}.Debug|x86.ActiveCfg = Debug|Any CPU
		{46CE711A-F267-49F1-96CD-132DB0AE17FB}.Debug|x86.Build.0 = Debug|Any CPU
		{46CE711A-F267-49F1-96CD-132DB0AE17FB}.Release|Any CPU.ActiveCfg = Release|Any CPU
		{46CE711A-F267-49F1-96CD-132DB0AE17FB}.Release|Any CPU.Build.0 = Release|Any CPU
		{46CE711A-F267-49F1-96CD-132DB0AE17FB}.Release|x64.ActiveCfg = Release|Any CPU
		{46CE711A-F267-49F1-96CD-132DB0AE17FB}.Release|x64.Build.0 = Release|Any CPU
		{46CE711A-F267-49F1-96CD-132DB0AE17FB}.Release|x86.ActiveCfg = Release|Any CPU
		{46CE711A-F267-49F1-96CD-132DB0AE17FB}.Release|x86.Build.0 = Release|Any CPU
		{192D71A5-4C77-4434-BD4C-1B2AF2CC96B2}.Debug|Any CPU.ActiveCfg = Debug|Any CPU
		{192D71A5-4C77-4434-BD4C-1B2AF2CC96B2}.Debug|Any CPU.Build.0 = Debug|Any CPU
		{192D71A5-4C77-4434-BD4C-1B2AF2CC96B2}.Debug|x64.ActiveCfg = Debug|Any CPU
		{192D71A5-4C77-4434-BD4C-1B2AF2CC96B2}.Debug|x64.Build.0 = Debug|Any CPU
		{192D71A5-4C77-4434-BD4C-1B2AF2CC96B2}.Debug|x86.ActiveCfg = Debug|Any CPU
		{192D71A5-4C77-4434-BD4C-1B2AF2CC96B2}.Debug|x86.Build.0 = Debug|Any CPU
		{192D71A5-4C77-4434-BD4C-1B2AF2CC96B2}.Release|Any CPU.ActiveCfg = Release|Any CPU
		{192D71A5-4C77-4434-BD4C-1B2AF2CC96B2}.Release|Any CPU.Build.0 = Release|Any CPU
		{192D71A5-4C77-4434-BD4C-1B2AF2CC96B2}.Release|x64.ActiveCfg = Release|Any CPU
		{192D71A5-4C77-4434-BD4C-1B2AF2CC96B2}.Release|x64.Build.0 = Release|Any CPU
		{192D71A5-4C77-4434-BD4C-1B2AF2CC96B2}.Release|x86.ActiveCfg = Release|Any CPU
		{192D71A5-4C77-4434-BD4C-1B2AF2CC96B2}.Release|x86.Build.0 = Release|Any CPU
	EndGlobalSection
	GlobalSection(SolutionProperties) = preSolution
		HideSolutionNode = FALSE
	EndGlobalSection
	GlobalSection(NestedProjects) = preSolution
		{49E46A63-1ACE-48ED-9ECA-EED3F412FE88} = {471633D2-8368-40ED-BB53-D4D8FDD821DB}
		{0F6ED6C5-93F1-722C-6DA7-9369A4E5B065} = {0C88DD14-F956-CE84-757C-A364CCF449FC}
		{AB4B5CE6-4216-4C74-8FF0-5072D6F7194F} = {0F6ED6C5-93F1-722C-6DA7-9369A4E5B065}
		{50BE0790-FE47-42C3-99F1-33BB73CF7EFF} = {0F6ED6C5-93F1-722C-6DA7-9369A4E5B065}
		{46CE711A-F267-49F1-96CD-132DB0AE17FB} = {0F6ED6C5-93F1-722C-6DA7-9369A4E5B065}
		{192D71A5-4C77-4434-BD4C-1B2AF2CC96B2} = {0F6ED6C5-93F1-722C-6DA7-9369A4E5B065}
	EndGlobalSection
EndGlobal
