Microsoft Visual Studio Solution File, Format Version 12.00
# Visual Studio Version 17
VisualStudioVersion = 17.0.31903.59
MinimumVisualStudioVersion = 10.0.40219.1
Project("{2150E333-8FDC-42A3-9474-1A3956D46DE8}") = "src", "src", "{F6694081-A7A3-49A0-9E8E-5A81630C715E}"
EndProject
Project("{FAE04EC0-301F-11D3-BF4B-00C04F79EFBC}") = "Chirp.CLI", "src\Chirp.CLI\Chirp.CLI.csproj", "{F7B48F73-1DB5-4FF3-B0DE-B99349588F86}"
EndProject
Project("{2150E333-8FDC-42A3-9474-1A3956D46DE8}") = "test", "test", "{F4F9F8BC-D23D-485D-880C-0B30F9801486}"
EndProject
Project("{FAE04EC0-301F-11D3-BF4B-00C04F79EFBC}") = "SimpleDB.Tests", "test\SimpleDB.Tests\SimpleDB.Tests.csproj", "{FA00567E-3358-40A5-9A8F-5D5F82778944}"
EndProject
Project("{FAE04EC0-301F-11D3-BF4B-00C04F79EFBC}") = "Chirp.CLI.Tests", "test\Chirp.CLI.Tests\Chirp.CLI.Tests.csproj", "{10EE3885-9BF2-4240-9C6F-35BEEF7E0D25}"
EndProject
Global
	GlobalSection(SolutionConfigurationPlatforms) = preSolution
		Debug|Any CPU = Debug|Any CPU
		Release|Any CPU = Release|Any CPU
	EndGlobalSection
	GlobalSection(SolutionProperties) = preSolution
		HideSolutionNode = FALSE
	EndGlobalSection
	GlobalSection(ProjectConfigurationPlatforms) = postSolution
		{F7B48F73-1DB5-4FF3-B0DE-B99349588F86}.Debug|Any CPU.ActiveCfg = Debug|Any CPU
		{F7B48F73-1DB5-4FF3-B0DE-B99349588F86}.Debug|Any CPU.Build.0 = Debug|Any CPU
		{F7B48F73-1DB5-4FF3-B0DE-B99349588F86}.Release|Any CPU.ActiveCfg = Release|Any CPU
		{F7B48F73-1DB5-4FF3-B0DE-B99349588F86}.Release|Any CPU.Build.0 = Release|Any CPU
		{FA00567E-3358-40A5-9A8F-5D5F82778944}.Debug|Any CPU.ActiveCfg = Debug|Any CPU
		{FA00567E-3358-40A5-9A8F-5D5F82778944}.Debug|Any CPU.Build.0 = Debug|Any CPU
		{FA00567E-3358-40A5-9A8F-5D5F82778944}.Release|Any CPU.ActiveCfg = Release|Any CPU
		{FA00567E-3358-40A5-9A8F-5D5F82778944}.Release|Any CPU.Build.0 = Release|Any CPU
		{10EE3885-9BF2-4240-9C6F-35BEEF7E0D25}.Debug|Any CPU.ActiveCfg = Debug|Any CPU
		{10EE3885-9BF2-4240-9C6F-35BEEF7E0D25}.Debug|Any CPU.Build.0 = Debug|Any CPU
		{10EE3885-9BF2-4240-9C6F-35BEEF7E0D25}.Release|Any CPU.ActiveCfg = Release|Any CPU
		{10EE3885-9BF2-4240-9C6F-35BEEF7E0D25}.Release|Any CPU.Build.0 = Release|Any CPU
	EndGlobalSection
	GlobalSection(NestedProjects) = preSolution
		{F7B48F73-1DB5-4FF3-B0DE-B99349588F86} = {F6694081-A7A3-49A0-9E8E-5A81630C715E}
		{FA00567E-3358-40A5-9A8F-5D5F82778944} = {F4F9F8BC-D23D-485D-880C-0B30F9801486}
		{10EE3885-9BF2-4240-9C6F-35BEEF7E0D25} = {F4F9F8BC-D23D-485D-880C-0B30F9801486}
	EndGlobalSection
EndGlobal
